// !$*UTF8*$!
{
	archiveVersion = 1;
	classes = {
	};
	objectVersion = 55;
	objects = {

/* Begin PBXBuildFile section */
		43EDB4B42AD9FD4A00A1FEAB /* museApp.swift in Sources */ = {isa = PBXBuildFile; fileRef = 43EDB4B32AD9FD4A00A1FEAB /* museApp.swift */; };
		43EDB4B62AD9FD4A00A1FEAB /* ContentView.swift in Sources */ = {isa = PBXBuildFile; fileRef = 43EDB4B52AD9FD4A00A1FEAB /* ContentView.swift */; };
		43EDB4B82AD9FD4C00A1FEAB /* Assets.xcassets in Resources */ = {isa = PBXBuildFile; fileRef = 43EDB4B72AD9FD4C00A1FEAB /* Assets.xcassets */; };
		43EDB4BB2AD9FD4C00A1FEAB /* Preview Assets.xcassets in Resources */ = {isa = PBXBuildFile; fileRef = 43EDB4BA2AD9FD4C00A1FEAB /* Preview Assets.xcassets */; };
		43EDB4C52AD9FD4C00A1FEAB /* museTests.swift in Sources */ = {isa = PBXBuildFile; fileRef = 43EDB4C42AD9FD4C00A1FEAB /* museTests.swift */; };
		43EDB4CF2AD9FD4C00A1FEAB /* museUITests.swift in Sources */ = {isa = PBXBuildFile; fileRef = 43EDB4CE2AD9FD4C00A1FEAB /* museUITests.swift */; };
		43EDB4D12AD9FD4C00A1FEAB /* museUITestsLaunchTests.swift in Sources */ = {isa = PBXBuildFile; fileRef = 43EDB4D02AD9FD4C00A1FEAB /* museUITestsLaunchTests.swift */; };
		5FDE228A2ADAF0D0003CE68D /* ChatGPTView.swift in Sources */ = {isa = PBXBuildFile; fileRef = 5FDE22892ADAF0D0003CE68D /* ChatGPTView.swift */; };
/* End PBXBuildFile section */

/* Begin PBXContainerItemProxy section */
		43EDB4C12AD9FD4C00A1FEAB /* PBXContainerItemProxy */ = {
			isa = PBXContainerItemProxy;
			containerPortal = 43EDB4A82AD9FD4A00A1FEAB /* Project object */;
			proxyType = 1;
			remoteGlobalIDString = 43EDB4AF2AD9FD4A00A1FEAB;
			remoteInfo = muse;
		};
		43EDB4CB2AD9FD4C00A1FEAB /* PBXContainerItemProxy */ = {
			isa = PBXContainerItemProxy;
			containerPortal = 43EDB4A82AD9FD4A00A1FEAB /* Project object */;
			proxyType = 1;
			remoteGlobalIDString = 43EDB4AF2AD9FD4A00A1FEAB;
			remoteInfo = muse;
		};
/* End PBXContainerItemProxy section */

/* Begin PBXFileReference section */
		43EDB4B02AD9FD4A00A1FEAB /* muse.app */ = {isa = PBXFileReference; explicitFileType = wrapper.application; includeInIndex = 0; path = muse.app; sourceTree = BUILT_PRODUCTS_DIR; };
		43EDB4B32AD9FD4A00A1FEAB /* museApp.swift */ = {isa = PBXFileReference; lastKnownFileType = sourcecode.swift; path = museApp.swift; sourceTree = "<group>"; };
		43EDB4B52AD9FD4A00A1FEAB /* ContentView.swift */ = {isa = PBXFileReference; lastKnownFileType = sourcecode.swift; path = ContentView.swift; sourceTree = "<group>"; };
		43EDB4B72AD9FD4C00A1FEAB /* Assets.xcassets */ = {isa = PBXFileReference; lastKnownFileType = folder.assetcatalog; path = Assets.xcassets; sourceTree = "<group>"; };
		43EDB4BA2AD9FD4C00A1FEAB /* Preview Assets.xcassets */ = {isa = PBXFileReference; lastKnownFileType = folder.assetcatalog; path = "Preview Assets.xcassets"; sourceTree = "<group>"; };
		43EDB4C02AD9FD4C00A1FEAB /* museTests.xctest */ = {isa = PBXFileReference; explicitFileType = wrapper.cfbundle; includeInIndex = 0; path = museTests.xctest; sourceTree = BUILT_PRODUCTS_DIR; };
		43EDB4C42AD9FD4C00A1FEAB /* museTests.swift */ = {isa = PBXFileReference; lastKnownFileType = sourcecode.swift; path = museTests.swift; sourceTree = "<group>"; };
		43EDB4CA2AD9FD4C00A1FEAB /* museUITests.xctest */ = {isa = PBXFileReference; explicitFileType = wrapper.cfbundle; includeInIndex = 0; path = museUITests.xctest; sourceTree = BUILT_PRODUCTS_DIR; };
		43EDB4CE2AD9FD4C00A1FEAB /* museUITests.swift */ = {isa = PBXFileReference; lastKnownFileType = sourcecode.swift; path = museUITests.swift; sourceTree = "<group>"; };
		43EDB4D02AD9FD4C00A1FEAB /* museUITestsLaunchTests.swift */ = {isa = PBXFileReference; lastKnownFileType = sourcecode.swift; path = museUITestsLaunchTests.swift; sourceTree = "<group>"; };
		5FDE22892ADAF0D0003CE68D /* ChatGPTView.swift */ = {isa = PBXFileReference; lastKnownFileType = sourcecode.swift; path = ChatGPTView.swift; sourceTree = "<group>"; };
/* End PBXFileReference section */

/* Begin PBXFrameworksBuildPhase section */
		43EDB4AD2AD9FD4A00A1FEAB /* Frameworks */ = {
			isa = PBXFrameworksBuildPhase;
			buildActionMask = 2147483647;
			files = (
			);
			runOnlyForDeploymentPostprocessing = 0;
		};
		43EDB4BD2AD9FD4C00A1FEAB /* Frameworks */ = {
			isa = PBXFrameworksBuildPhase;
			buildActionMask = 2147483647;
			files = (
			);
			runOnlyForDeploymentPostprocessing = 0;
		};
		43EDB4C72AD9FD4C00A1FEAB /* Frameworks */ = {
			isa = PBXFrameworksBuildPhase;
			buildActionMask = 2147483647;
			files = (
			);
			runOnlyForDeploymentPostprocessing = 0;
		};
/* End PBXFrameworksBuildPhase section */

/* Begin PBXGroup section */
		43EDB4A72AD9FD4A00A1FEAB = {
			isa = PBXGroup;
			children = (
				43EDB4B22AD9FD4A00A1FEAB /* muse */,
				43EDB4C32AD9FD4C00A1FEAB /* museTests */,
				43EDB4CD2AD9FD4C00A1FEAB /* museUITests */,
				43EDB4B12AD9FD4A00A1FEAB /* Products */,
			);
			sourceTree = "<group>";
		};
		43EDB4B12AD9FD4A00A1FEAB /* Products */ = {
			isa = PBXGroup;
			children = (
				43EDB4B02AD9FD4A00A1FEAB /* muse.app */,
				43EDB4C02AD9FD4C00A1FEAB /* museTests.xctest */,
				43EDB4CA2AD9FD4C00A1FEAB /* museUITests.xctest */,
			);
			name = Products;
			sourceTree = "<group>";
		};
		43EDB4B22AD9FD4A00A1FEAB /* muse */ = {
			isa = PBXGroup;
			children = (
				43EDB4B32AD9FD4A00A1FEAB /* museApp.swift */,
				43EDB4B52AD9FD4A00A1FEAB /* ContentView.swift */,
				5FDE22892ADAF0D0003CE68D /* ChatGPTView.swift */,
				43EDB4B72AD9FD4C00A1FEAB /* Assets.xcassets */,
				43EDB4B92AD9FD4C00A1FEAB /* Preview Content */,
			);
			path = muse;
			sourceTree = "<group>";
		};
		43EDB4B92AD9FD4C00A1FEAB /* Preview Content */ = {
			isa = PBXGroup;
			children = (
				43EDB4BA2AD9FD4C00A1FEAB /* Preview Assets.xcassets */,
			);
			path = "Preview Content";
			sourceTree = "<group>";
		};
		43EDB4C32AD9FD4C00A1FEAB /* museTests */ = {
			isa = PBXGroup;
			children = (
				43EDB4C42AD9FD4C00A1FEAB /* museTests.swift */,
			);
			path = museTests;
			sourceTree = "<group>";
		};
		43EDB4CD2AD9FD4C00A1FEAB /* museUITests */ = {
			isa = PBXGroup;
			children = (
				43EDB4CE2AD9FD4C00A1FEAB /* museUITests.swift */,
				43EDB4D02AD9FD4C00A1FEAB /* museUITestsLaunchTests.swift */,
			);
			path = museUITests;
			sourceTree = "<group>";
		};
/* End PBXGroup section */

/* Begin PBXNativeTarget section */
		43EDB4AF2AD9FD4A00A1FEAB /* muse */ = {
			isa = PBXNativeTarget;
			buildConfigurationList = 43EDB4D42AD9FD4C00A1FEAB /* Build configuration list for PBXNativeTarget "muse" */;
			buildPhases = (
				43EDB4AC2AD9FD4A00A1FEAB /* Sources */,
				43EDB4AD2AD9FD4A00A1FEAB /* Frameworks */,
				43EDB4AE2AD9FD4A00A1FEAB /* Resources */,
			);
			buildRules = (
			);
			dependencies = (
			);
			name = muse;
			productName = muse;
			productReference = 43EDB4B02AD9FD4A00A1FEAB /* muse.app */;
			productType = "com.apple.product-type.application";
		};
		43EDB4BF2AD9FD4C00A1FEAB /* museTests */ = {
			isa = PBXNativeTarget;
			buildConfigurationList = 43EDB4D72AD9FD4C00A1FEAB /* Build configuration list for PBXNativeTarget "museTests" */;
			buildPhases = (
				43EDB4BC2AD9FD4C00A1FEAB /* Sources */,
				43EDB4BD2AD9FD4C00A1FEAB /* Frameworks */,
				43EDB4BE2AD9FD4C00A1FEAB /* Resources */,
			);
			buildRules = (
			);
			dependencies = (
				43EDB4C22AD9FD4C00A1FEAB /* PBXTargetDependency */,
			);
			name = museTests;
			productName = museTests;
			productReference = 43EDB4C02AD9FD4C00A1FEAB /* museTests.xctest */;
			productType = "com.apple.product-type.bundle.unit-test";
		};
		43EDB4C92AD9FD4C00A1FEAB /* museUITests */ = {
			isa = PBXNativeTarget;
			buildConfigurationList = 43EDB4DA2AD9FD4C00A1FEAB /* Build configuration list for PBXNativeTarget "museUITests" */;
			buildPhases = (
				43EDB4C62AD9FD4C00A1FEAB /* Sources */,
				43EDB4C72AD9FD4C00A1FEAB /* Frameworks */,
				43EDB4C82AD9FD4C00A1FEAB /* Resources */,
			);
			buildRules = (
			);
			dependencies = (
				43EDB4CC2AD9FD4C00A1FEAB /* PBXTargetDependency */,
			);
			name = museUITests;
			productName = museUITests;
			productReference = 43EDB4CA2AD9FD4C00A1FEAB /* museUITests.xctest */;
			productType = "com.apple.product-type.bundle.ui-testing";
		};
/* End PBXNativeTarget section */

/* Begin PBXProject section */
		43EDB4A82AD9FD4A00A1FEAB /* Project object */ = {
			isa = PBXProject;
			attributes = {
				BuildIndependentTargetsInParallel = 1;
				LastSwiftUpdateCheck = 1300;
				LastUpgradeCheck = 1300;
				TargetAttributes = {
					43EDB4AF2AD9FD4A00A1FEAB = {
						CreatedOnToolsVersion = 13.0;
					};
					43EDB4BF2AD9FD4C00A1FEAB = {
						CreatedOnToolsVersion = 13.0;
						TestTargetID = 43EDB4AF2AD9FD4A00A1FEAB;
					};
					43EDB4C92AD9FD4C00A1FEAB = {
						CreatedOnToolsVersion = 13.0;
						TestTargetID = 43EDB4AF2AD9FD4A00A1FEAB;
					};
				};
			};
			buildConfigurationList = 43EDB4AB2AD9FD4A00A1FEAB /* Build configuration list for PBXProject "muse" */;
			compatibilityVersion = "Xcode 13.0";
			developmentRegion = en;
			hasScannedForEncodings = 0;
			knownRegions = (
				en,
				Base,
			);
			mainGroup = 43EDB4A72AD9FD4A00A1FEAB;
			productRefGroup = 43EDB4B12AD9FD4A00A1FEAB /* Products */;
			projectDirPath = "";
			projectRoot = "";
			targets = (
				43EDB4AF2AD9FD4A00A1FEAB /* muse */,
				43EDB4BF2AD9FD4C00A1FEAB /* museTests */,
				43EDB4C92AD9FD4C00A1FEAB /* museUITests */,
			);
		};
/* End PBXProject section */

/* Begin PBXResourcesBuildPhase section */
		43EDB4AE2AD9FD4A00A1FEAB /* Resources */ = {
			isa = PBXResourcesBuildPhase;
			buildActionMask = 2147483647;
			files = (
				43EDB4BB2AD9FD4C00A1FEAB /* Preview Assets.xcassets in Resources */,
				43EDB4B82AD9FD4C00A1FEAB /* Assets.xcassets in Resources */,
			);
			runOnlyForDeploymentPostprocessing = 0;
		};
		43EDB4BE2AD9FD4C00A1FEAB /* Resources */ = {
			isa = PBXResourcesBuildPhase;
			buildActionMask = 2147483647;
			files = (
			);
			runOnlyForDeploymentPostprocessing = 0;
		};
		43EDB4C82AD9FD4C00A1FEAB /* Resources */ = {
			isa = PBXResourcesBuildPhase;
			buildActionMask = 2147483647;
			files = (
			);
			runOnlyForDeploymentPostprocessing = 0;
		};
/* End PBXResourcesBuildPhase section */

/* Begin PBXSourcesBuildPhase section */
		43EDB4AC2AD9FD4A00A1FEAB /* Sources */ = {
			isa = PBXSourcesBuildPhase;
			buildActionMask = 2147483647;
			files = (
				43EDB4B62AD9FD4A00A1FEAB /* ContentView.swift in Sources */,
				43EDB4B42AD9FD4A00A1FEAB /* museApp.swift in Sources */,
				5FDE228A2ADAF0D0003CE68D /* ChatGPTView.swift in Sources */,
			);
			runOnlyForDeploymentPostprocessing = 0;
		};
		43EDB4BC2AD9FD4C00A1FEAB /* Sources */ = {
			isa = PBXSourcesBuildPhase;
			buildActionMask = 2147483647;
			files = (
				43EDB4C52AD9FD4C00A1FEAB /* museTests.swift in Sources */,
			);
			runOnlyForDeploymentPostprocessing = 0;
		};
		43EDB4C62AD9FD4C00A1FEAB /* Sources */ = {
			isa = PBXSourcesBuildPhase;
			buildActionMask = 2147483647;
			files = (
				43EDB4D12AD9FD4C00A1FEAB /* museUITestsLaunchTests.swift in Sources */,
				43EDB4CF2AD9FD4C00A1FEAB /* museUITests.swift in Sources */,
			);
			runOnlyForDeploymentPostprocessing = 0;
		};
/* End PBXSourcesBuildPhase section */

/* Begin PBXTargetDependency section */
		43EDB4C22AD9FD4C00A1FEAB /* PBXTargetDependency */ = {
			isa = PBXTargetDependency;
			target = 43EDB4AF2AD9FD4A00A1FEAB /* muse */;
			targetProxy = 43EDB4C12AD9FD4C00A1FEAB /* PBXContainerItemProxy */;
		};
		43EDB4CC2AD9FD4C00A1FEAB /* PBXTargetDependency */ = {
			isa = PBXTargetDependency;
			target = 43EDB4AF2AD9FD4A00A1FEAB /* muse */;
			targetProxy = 43EDB4CB2AD9FD4C00A1FEAB /* PBXContainerItemProxy */;
		};
/* End PBXTargetDependency section */

/* Begin XCBuildConfiguration section */
		43EDB4D22AD9FD4C00A1FEAB /* Debug */ = {
			isa = XCBuildConfiguration;
			buildSettings = {
				ALWAYS_SEARCH_USER_PATHS = NO;
				CLANG_ANALYZER_NONNULL = YES;
				CLANG_ANALYZER_NUMBER_OBJECT_CONVERSION = YES_AGGRESSIVE;
				CLANG_CXX_LANGUAGE_STANDARD = "gnu++17";
				CLANG_CXX_LIBRARY = "libc++";
				CLANG_ENABLE_MODULES = YES;
				CLANG_ENABLE_OBJC_ARC = YES;
				CLANG_ENABLE_OBJC_WEAK = YES;
				CLANG_WARN_BLOCK_CAPTURE_AUTORELEASING = YES;
				CLANG_WARN_BOOL_CONVERSION = YES;
				CLANG_WARN_COMMA = YES;
				CLANG_WARN_CONSTANT_CONVERSION = YES;
				CLANG_WARN_DEPRECATED_OBJC_IMPLEMENTATIONS = YES;
				CLANG_WARN_DIRECT_OBJC_ISA_USAGE = YES_ERROR;
				CLANG_WARN_DOCUMENTATION_COMMENTS = YES;
				CLANG_WARN_EMPTY_BODY = YES;
				CLANG_WARN_ENUM_CONVERSION = YES;
				CLANG_WARN_INFINITE_RECURSION = YES;
				CLANG_WARN_INT_CONVERSION = YES;
				CLANG_WARN_NON_LITERAL_NULL_CONVERSION = YES;
				CLANG_WARN_OBJC_IMPLICIT_RETAIN_SELF = YES;
				CLANG_WARN_OBJC_LITERAL_CONVERSION = YES;
				CLANG_WARN_OBJC_ROOT_CLASS = YES_ERROR;
				CLANG_WARN_QUOTED_INCLUDE_IN_FRAMEWORK_HEADER = YES;
				CLANG_WARN_RANGE_LOOP_ANALYSIS = YES;
				CLANG_WARN_STRICT_PROTOTYPES = YES;
				CLANG_WARN_SUSPICIOUS_MOVE = YES;
				CLANG_WARN_UNGUARDED_AVAILABILITY = YES_AGGRESSIVE;
				CLANG_WARN_UNREACHABLE_CODE = YES;
				CLANG_WARN__DUPLICATE_METHOD_MATCH = YES;
				COPY_PHASE_STRIP = NO;
				DEBUG_INFORMATION_FORMAT = dwarf;
				ENABLE_STRICT_OBJC_MSGSEND = YES;
				ENABLE_TESTABILITY = YES;
				GCC_C_LANGUAGE_STANDARD = gnu11;
				GCC_DYNAMIC_NO_PIC = NO;
				GCC_NO_COMMON_BLOCKS = YES;
				GCC_OPTIMIZATION_LEVEL = 0;
				GCC_PREPROCESSOR_DEFINITIONS = (
					"DEBUG=1",
					"$(inherited)",
				);
				GCC_WARN_64_TO_32_BIT_CONVERSION = YES;
				GCC_WARN_ABOUT_RETURN_TYPE = YES_ERROR;
				GCC_WARN_UNDECLARED_SELECTOR = YES;
				GCC_WARN_UNINITIALIZED_AUTOS = YES_AGGRESSIVE;
				GCC_WARN_UNUSED_FUNCTION = YES;
				GCC_WARN_UNUSED_VARIABLE = YES;
				IPHONEOS_DEPLOYMENT_TARGET = 15.0;
				MTL_ENABLE_DEBUG_INFO = INCLUDE_SOURCE;
				MTL_FAST_MATH = YES;
				ONLY_ACTIVE_ARCH = YES;
				SDKROOT = iphoneos;
				SWIFT_ACTIVE_COMPILATION_CONDITIONS = DEBUG;
				SWIFT_OPTIMIZATION_LEVEL = "-Onone";
			};
			name = Debug;
		};
		43EDB4D32AD9FD4C00A1FEAB /* Release */ = {
			isa = XCBuildConfiguration;
			buildSettings = {
				ALWAYS_SEARCH_USER_PATHS = NO;
				CLANG_ANALYZER_NONNULL = YES;
				CLANG_ANALYZER_NUMBER_OBJECT_CONVERSION = YES_AGGRESSIVE;
				CLANG_CXX_LANGUAGE_STANDARD = "gnu++17";
				CLANG_CXX_LIBRARY = "libc++";
				CLANG_ENABLE_MODULES = YES;
				CLANG_ENABLE_OBJC_ARC = YES;
				CLANG_ENABLE_OBJC_WEAK = YES;
				CLANG_WARN_BLOCK_CAPTURE_AUTORELEASING = YES;
				CLANG_WARN_BOOL_CONVERSION = YES;
				CLANG_WARN_COMMA = YES;
				CLANG_WARN_CONSTANT_CONVERSION = YES;
				CLANG_WARN_DEPRECATED_OBJC_IMPLEMENTATIONS = YES;
				CLANG_WARN_DIRECT_OBJC_ISA_USAGE = YES_ERROR;
				CLANG_WARN_DOCUMENTATION_COMMENTS = YES;
				CLANG_WARN_EMPTY_BODY = YES;
				CLANG_WARN_ENUM_CONVERSION = YES;
				CLANG_WARN_INFINITE_RECURSION = YES;
				CLANG_WARN_INT_CONVERSION = YES;
				CLANG_WARN_NON_LITERAL_NULL_CONVERSION = YES;
				CLANG_WARN_OBJC_IMPLICIT_RETAIN_SELF = YES;
				CLANG_WARN_OBJC_LITERAL_CONVERSION = YES;
				CLANG_WARN_OBJC_ROOT_CLASS = YES_ERROR;
				CLANG_WARN_QUOTED_INCLUDE_IN_FRAMEWORK_HEADER = YES;
				CLANG_WARN_RANGE_LOOP_ANALYSIS = YES;
				CLANG_WARN_STRICT_PROTOTYPES = YES;
				CLANG_WARN_SUSPICIOUS_MOVE = YES;
				CLANG_WARN_UNGUARDED_AVAILABILITY = YES_AGGRESSIVE;
				CLANG_WARN_UNREACHABLE_CODE = YES;
				CLANG_WARN__DUPLICATE_METHOD_MATCH = YES;
				COPY_PHASE_STRIP = NO;
				DEBUG_INFORMATION_FORMAT = "dwarf-with-dsym";
				ENABLE_NS_ASSERTIONS = NO;
				ENABLE_STRICT_OBJC_MSGSEND = YES;
				GCC_C_LANGUAGE_STANDARD = gnu11;
				GCC_NO_COMMON_BLOCKS = YES;
				GCC_WARN_64_TO_32_BIT_CONVERSION = YES;
				GCC_WARN_ABOUT_RETURN_TYPE = YES_ERROR;
				GCC_WARN_UNDECLARED_SELECTOR = YES;
				GCC_WARN_UNINITIALIZED_AUTOS = YES_AGGRESSIVE;
				GCC_WARN_UNUSED_FUNCTION = YES;
				GCC_WARN_UNUSED_VARIABLE = YES;
				IPHONEOS_DEPLOYMENT_TARGET = 15.0;
				MTL_ENABLE_DEBUG_INFO = NO;
				MTL_FAST_MATH = YES;
				SDKROOT = iphoneos;
				SWIFT_COMPILATION_MODE = wholemodule;
				SWIFT_OPTIMIZATION_LEVEL = "-O";
				VALIDATE_PRODUCT = YES;
			};
			name = Release;
		};
		43EDB4D52AD9FD4C00A1FEAB /* Debug */ = {
			isa = XCBuildConfiguration;
			buildSettings = {
				ASSETCATALOG_COMPILER_APPICON_NAME = AppIcon;
				ASSETCATALOG_COMPILER_GLOBAL_ACCENT_COLOR_NAME = AccentColor;
				CODE_SIGN_STYLE = Automatic;
				CURRENT_PROJECT_VERSION = 1;
				DEVELOPMENT_ASSET_PATHS = "\"muse/Preview Content\"";
				DEVELOPMENT_TEAM = 4YLN26M5M2;
				ENABLE_PREVIEWS = YES;
				GENERATE_INFOPLIST_FILE = YES;
				INFOPLIST_KEY_UIApplicationSceneManifest_Generation = YES;
				INFOPLIST_KEY_UIApplicationSupportsIndirectInputEvents = YES;
				INFOPLIST_KEY_UILaunchScreen_Generation = YES;
				INFOPLIST_KEY_UISupportedInterfaceOrientations_iPad = "UIInterfaceOrientationPortrait UIInterfaceOrientationPortraitUpsideDown UIInterfaceOrientationLandscapeLeft UIInterfaceOrientationLandscapeRight";
				INFOPLIST_KEY_UISupportedInterfaceOrientations_iPhone = "UIInterfaceOrientationPortrait UIInterfaceOrientationLandscapeLeft UIInterfaceOrientationLandscapeRight";
				IPHONEOS_DEPLOYMENT_TARGET = 14.0;
				LD_RUNPATH_SEARCH_PATHS = (
					"$(inherited)",
					"@executable_path/Frameworks",
				);
				MARKETING_VERSION = 1.0;
				PRODUCT_BUNDLE_IDENTIFIER = memo.com.muse;
				PRODUCT_NAME = "$(TARGET_NAME)";
				SWIFT_EMIT_LOC_STRINGS = YES;
				SWIFT_VERSION = 5.0;
				TARGETED_DEVICE_FAMILY = "1,2";
			};
			name = Debug;
		};
		43EDB4D62AD9FD4C00A1FEAB /* Release */ = {
			isa = XCBuildConfiguration;
			buildSettings = {
				ASSETCATALOG_COMPILER_APPICON_NAME = AppIcon;
				ASSETCATALOG_COMPILER_GLOBAL_ACCENT_COLOR_NAME = AccentColor;
				CODE_SIGN_STYLE = Automatic;
				CURRENT_PROJECT_VERSION = 1;
				DEVELOPMENT_ASSET_PATHS = "\"muse/Preview Content\"";
				DEVELOPMENT_TEAM = 4YLN26M5M2;
				ENABLE_PREVIEWS = YES;
				GENERATE_INFOPLIST_FILE = YES;
				INFOPLIST_KEY_UIApplicationSceneManifest_Generation = YES;
				INFOPLIST_KEY_UIApplicationSupportsIndirectInputEvents = YES;
				INFOPLIST_KEY_UILaunchScreen_Generation = YES;
				INFOPLIST_KEY_UISupportedInterfaceOrientations_iPad = "UIInterfaceOrientationPortrait UIInterfaceOrientationPortraitUpsideDown UIInterfaceOrientationLandscapeLeft UIInterfaceOrientationLandscapeRight";
				INFOPLIST_KEY_UISupportedInterfaceOrientations_iPhone = "UIInterfaceOrientationPortrait UIInterfaceOrientationLandscapeLeft UIInterfaceOrientationLandscapeRight";
				IPHONEOS_DEPLOYMENT_TARGET = 14.0;
				LD_RUNPATH_SEARCH_PATHS = (
					"$(inherited)",
					"@executable_path/Frameworks",
				);
				MARKETING_VERSION = 1.0;
				PRODUCT_BUNDLE_IDENTIFIER = memo.com.muse;
				PRODUCT_NAME = "$(TARGET_NAME)";
				SWIFT_EMIT_LOC_STRINGS = YES;
				SWIFT_VERSION = 5.0;
				TARGETED_DEVICE_FAMILY = "1,2";
			};
			name = Release;
		};
		43EDB4D82AD9FD4C00A1FEAB /* Debug */ = {
			isa = XCBuildConfiguration;
			buildSettings = {
				ALWAYS_EMBED_SWIFT_STANDARD_LIBRARIES = YES;
				BUNDLE_LOADER = "$(TEST_HOST)";
				CODE_SIGN_STYLE = Automatic;
				CURRENT_PROJECT_VERSION = 1;
				DEVELOPMENT_TEAM = 4YLN26M5M2;
				GENERATE_INFOPLIST_FILE = YES;
				IPHONEOS_DEPLOYMENT_TARGET = 14.0;
				LD_RUNPATH_SEARCH_PATHS = (
					"$(inherited)",
					"@executable_path/Frameworks",
					"@loader_path/Frameworks",
				);
				MARKETING_VERSION = 1.0;
				PRODUCT_BUNDLE_IDENTIFIER = memo.com.museTests;
				PRODUCT_NAME = "$(TARGET_NAME)";
				SWIFT_EMIT_LOC_STRINGS = NO;
				SWIFT_VERSION = 5.0;
				TARGETED_DEVICE_FAMILY = "1,2";
				TEST_HOST = "$(BUILT_PRODUCTS_DIR)/muse.app/muse";
			};
			name = Debug;
		};
		43EDB4D92AD9FD4C00A1FEAB /* Release */ = {
			isa = XCBuildConfiguration;
			buildSettings = {
				ALWAYS_EMBED_SWIFT_STANDARD_LIBRARIES = YES;
				BUNDLE_LOADER = "$(TEST_HOST)";
				CODE_SIGN_STYLE = Automatic;
				CURRENT_PROJECT_VERSION = 1;
				DEVELOPMENT_TEAM = 4YLN26M5M2;
				GENERATE_INFOPLIST_FILE = YES;
				IPHONEOS_DEPLOYMENT_TARGET = 14.0;
				LD_RUNPATH_SEARCH_PATHS = (
					"$(inherited)",
					"@executable_path/Frameworks",
					"@loader_path/Frameworks",
				);
				MARKETING_VERSION = 1.0;
				PRODUCT_BUNDLE_IDENTIFIER = memo.com.museTests;
				PRODUCT_NAME = "$(TARGET_NAME)";
				SWIFT_EMIT_LOC_STRINGS = NO;
				SWIFT_VERSION = 5.0;
				TARGETED_DEVICE_FAMILY = "1,2";
				TEST_HOST = "$(BUILT_PRODUCTS_DIR)/muse.app/muse";
			};
			name = Release;
		};
		43EDB4DB2AD9FD4C00A1FEAB /* Debug */ = {
			isa = XCBuildConfiguration;
			buildSettings = {
				ALWAYS_EMBED_SWIFT_STANDARD_LIBRARIES = YES;
				CODE_SIGN_STYLE = Automatic;
				CURRENT_PROJECT_VERSION = 1;
				DEVELOPMENT_TEAM = 4YLN26M5M2;
				GENERATE_INFOPLIST_FILE = YES;
				LD_RUNPATH_SEARCH_PATHS = (
					"$(inherited)",
					"@executable_path/Frameworks",
					"@loader_path/Frameworks",
				);
				MARKETING_VERSION = 1.0;
				PRODUCT_BUNDLE_IDENTIFIER = memo.com.museUITests;
				PRODUCT_NAME = "$(TARGET_NAME)";
				SWIFT_EMIT_LOC_STRINGS = NO;
				SWIFT_VERSION = 5.0;
				TARGETED_DEVICE_FAMILY = "1,2";
				TEST_TARGET_NAME = muse;
			};
			name = Debug;
		};
		43EDB4DC2AD9FD4C00A1FEAB /* Release */ = {
			isa = XCBuildConfiguration;
			buildSettings = {
				ALWAYS_EMBED_SWIFT_STANDARD_LIBRARIES = YES;
				CODE_SIGN_STYLE = Automatic;
				CURRENT_PROJECT_VERSION = 1;
				DEVELOPMENT_TEAM = 4YLN26M5M2;
				GENERATE_INFOPLIST_FILE = YES;
				LD_RUNPATH_SEARCH_PATHS = (
					"$(inherited)",
					"@executable_path/Frameworks",
					"@loader_path/Frameworks",
				);
				MARKETING_VERSION = 1.0;
				PRODUCT_BUNDLE_IDENTIFIER = memo.com.museUITests;
				PRODUCT_NAME = "$(TARGET_NAME)";
				SWIFT_EMIT_LOC_STRINGS = NO;
				SWIFT_VERSION = 5.0;
				TARGETED_DEVICE_FAMILY = "1,2";
				TEST_TARGET_NAME = muse;
			};
			name = Release;
		};
/* End XCBuildConfiguration section */

/* Begin XCConfigurationList section */
		43EDB4AB2AD9FD4A00A1FEAB /* Build configuration list for PBXProject "muse" */ = {
			isa = XCConfigurationList;
			buildConfigurations = (
				43EDB4D22AD9FD4C00A1FEAB /* Debug */,
				43EDB4D32AD9FD4C00A1FEAB /* Release */,
			);
			defaultConfigurationIsVisible = 0;
			defaultConfigurationName = Release;
		};
		43EDB4D42AD9FD4C00A1FEAB /* Build configuration list for PBXNativeTarget "muse" */ = {
			isa = XCConfigurationList;
			buildConfigurations = (
				43EDB4D52AD9FD4C00A1FEAB /* Debug */,
				43EDB4D62AD9FD4C00A1FEAB /* Release */,
			);
			defaultConfigurationIsVisible = 0;
			defaultConfigurationName = Release;
		};
		43EDB4D72AD9FD4C00A1FEAB /* Build configuration list for PBXNativeTarget "museTests" */ = {
			isa = XCConfigurationList;
			buildConfigurations = (
				43EDB4D82AD9FD4C00A1FEAB /* Debug */,
				43EDB4D92AD9FD4C00A1FEAB /* Release */,
			);
			defaultConfigurationIsVisible = 0;
			defaultConfigurationName = Release;
		};
		43EDB4DA2AD9FD4C00A1FEAB /* Build configuration list for PBXNativeTarget "museUITests" */ = {
			isa = XCConfigurationList;
			buildConfigurations = (
				43EDB4DB2AD9FD4C00A1FEAB /* Debug */,
				43EDB4DC2AD9FD4C00A1FEAB /* Release */,
			);
			defaultConfigurationIsVisible = 0;
			defaultConfigurationName = Release;
		};
/* End XCConfigurationList section */
	};
	rootObject = 43EDB4A82AD9FD4A00A1FEAB /* Project object */;
}
